
Microsoft Visual Studio Solution File, Format Version 12.00
# Visual Studio Version 17
VisualStudioVersion = 17.13.35825.156 d17.13
MinimumVisualStudioVersion = 10.0.40219.1
Project("{FAE04EC0-301F-11D3-BF4B-00C04F79EFBC}") = "ConsoleApp1", "ConsoleApp1\ConsoleApp1.csproj", "{72333F98-BFE6-4831-ADBB-8C1572E56AF0}"
EndProject
Project("{FAE04EC0-301F-11D3-BF4B-00C04F79EFBC}") = "ConsoleApp2", "ConsoleApp2\ConsoleApp2.csproj", "{7162F494-C7EA-490F-8F8E-8F45B0995160}"
EndProject
Project("{FAE04EC0-301F-11D3-BF4B-00C04F79EFBC}") = "ConsoleApp3", "ConsoleApp3\ConsoleApp3.csproj", "{C362F5D6-2239-433E-B161-7C1C6E562899}"
EndProject
Project("{FAE04EC0-301F-11D3-BF4B-00C04F79EFBC}") = "ConsoleApp4", "ConsoleApp4\ConsoleApp4.csproj", "{0EED39A9-42CC-428D-A2A4-F810F01737A5}"
EndProject
Global
	GlobalSection(SolutionConfigurationPlatforms) = preSolution
		Debug|Any CPU = Debug|Any CPU
		Release|Any CPU = Release|Any CPU
	EndGlobalSection
	GlobalSection(ProjectConfigurationPlatforms) = postSolution
		{72333F98-BFE6-4831-ADBB-8C1572E56AF0}.Debug|Any CPU.ActiveCfg = Debug|Any CPU
		{72333F98-BFE6-4831-ADBB-8C1572E56AF0}.Debug|Any CPU.Build.0 = Debug|Any CPU
		{72333F98-BFE6-4831-ADBB-8C1572E56AF0}.Release|Any CPU.ActiveCfg = Release|Any CPU
		{72333F98-BFE6-4831-ADBB-8C1572E56AF0}.Release|Any CPU.Build.0 = Release|Any CPU
		{7162F494-C7EA-490F-8F8E-8F45B0995160}.Debug|Any CPU.ActiveCfg = Debug|Any CPU
		{7162F494-C7EA-490F-8F8E-8F45B0995160}.Debug|Any CPU.Build.0 = Debug|Any CPU
		{7162F494-C7EA-490F-8F8E-8F45B0995160}.Release|Any CPU.ActiveCfg = Release|Any CPU
		{7162F494-C7EA-490F-8F8E-8F45B0995160}.Release|Any CPU.Build.0 = Release|Any CPU
		{C362F5D6-2239-433E-B161-7C1C6E562899}.Debug|Any CPU.ActiveCfg = Debug|Any CPU
		{C362F5D6-2239-433E-B161-7C1C6E562899}.Debug|Any CPU.Build.0 = Debug|Any CPU
		{C362F5D6-2239-433E-B161-7C1C6E562899}.Release|Any CPU.ActiveCfg = Release|Any CPU
		{C362F5D6-2239-433E-B161-7C1C6E562899}.Release|Any CPU.Build.0 = Release|Any CPU
		{0EED39A9-42CC-428D-A2A4-F810F01737A5}.Debug|Any CPU.ActiveCfg = Debug|Any CPU
		{0EED39A9-42CC-428D-A2A4-F810F01737A5}.Debug|Any CPU.Build.0 = Debug|Any CPU
		{0EED39A9-42CC-428D-A2A4-F810F01737A5}.Release|Any CPU.ActiveCfg = Release|Any CPU
		{0EED39A9-42CC-428D-A2A4-F810F01737A5}.Release|Any CPU.Build.0 = Release|Any CPU
	EndGlobalSection
	GlobalSection(SolutionProperties) = preSolution
		HideSolutionNode = FALSE
	EndGlobalSection
	GlobalSection(ExtensibilityGlobals) = postSolution
		SolutionGuid = {D069E523-76EE-4D70-8CE9-B83366C54949}
	EndGlobalSection
EndGlobal
