
Microsoft Visual Studio Solution File, Format Version 12.00
# Visual Studio Version 17
VisualStudioVersion = 17.13.35825.156 d17.13
MinimumVisualStudioVersion = 10.0.40219.1
Project("{FAE04EC0-301F-11D3-BF4B-00C04F79EFBC}") = "ConsoleApp9", "ConsoleApp9\ConsoleApp9.csproj", "{A5AF69F8-B6AA-4AA9-9D0F-9867F2D455D3}"
EndProject
Project("{FAE04EC0-301F-11D3-BF4B-00C04F79EFBC}") = "ConsoleApp1", "ConsoleApp1\ConsoleApp1.csproj", "{F1928638-163E-4FEA-A1BF-FF3518733D14}"
EndProject
Global
	GlobalSection(SolutionConfigurationPlatforms) = preSolution
		Debug|Any CPU = Debug|Any CPU
		Release|Any CPU = Release|Any CPU
	EndGlobalSection
	GlobalSection(ProjectConfigurationPlatforms) = postSolution
		{A5AF69F8-B6AA-4AA9-9D0F-9867F2D455D3}.Debug|Any CPU.ActiveCfg = Debug|Any CPU
		{A5AF69F8-B6AA-4AA9-9D0F-9867F2D455D3}.Debug|Any CPU.Build.0 = Debug|Any CPU
		{A5AF69F8-B6AA-4AA9-9D0F-9867F2D455D3}.Release|Any CPU.ActiveCfg = Release|Any CPU
		{A5AF69F8-B6AA-4AA9-9D0F-9867F2D455D3}.Release|Any CPU.Build.0 = Release|Any CPU
		{F1928638-163E-4FEA-A1BF-FF3518733D14}.Debug|Any CPU.ActiveCfg = Debug|Any CPU
		{F1928638-163E-4FEA-A1BF-FF3518733D14}.Debug|Any CPU.Build.0 = Debug|Any CPU
		{F1928638-163E-4FEA-A1BF-FF3518733D14}.Release|Any CPU.ActiveCfg = Release|Any CPU
		{F1928638-163E-4FEA-A1BF-FF3518733D14}.Release|Any CPU.Build.0 = Release|Any CPU
	EndGlobalSection
	GlobalSection(SolutionProperties) = preSolution
		HideSolutionNode = FALSE
	EndGlobalSection
	GlobalSection(ExtensibilityGlobals) = postSolution
		SolutionGuid = {F2F71EE9-E105-44B1-91BF-C93696F27BE5}
	EndGlobalSection
EndGlobal
