
Microsoft Visual Studio Solution File, Format Version 12.00
# Visual Studio Version 17
VisualStudioVersion = 17.13.35825.156 d17.13
MinimumVisualStudioVersion = 10.0.40219.1
Project("{FAE04EC0-301F-11D3-BF4B-00C04F79EFBC}") = "ConsoleApp3", "ConsoleApp3\ConsoleApp3.csproj", "{A3C1B9D5-265F-4B57-8FB6-4417B62E714D}"
EndProject
Global
	GlobalSection(SolutionConfigurationPlatforms) = preSolution
		Debug|Any CPU = Debug|Any CPU
		Release|Any CPU = Release|Any CPU
	EndGlobalSection
	GlobalSection(ProjectConfigurationPlatforms) = postSolution
		{A3C1B9D5-265F-4B57-8FB6-4417B62E714D}.Debug|Any CPU.ActiveCfg = Debug|Any CPU
		{A3C1B9D5-265F-4B57-8FB6-4417B62E714D}.Debug|Any CPU.Build.0 = Debug|Any CPU
		{A3C1B9D5-265F-4B57-8FB6-4417B62E714D}.Release|Any CPU.ActiveCfg = Release|Any CPU
		{A3C1B9D5-265F-4B57-8FB6-4417B62E714D}.Release|Any CPU.Build.0 = Release|Any CPU
	EndGlobalSection
	GlobalSection(SolutionProperties) = preSolution
		HideSolutionNode = FALSE
	EndGlobalSection
	GlobalSection(ExtensibilityGlobals) = postSolution
		SolutionGuid = {4AC946F3-EF86-4E92-9091-D7CED6BE3B8C}
	EndGlobalSection
EndGlobal
