
Microsoft Visual Studio Solution File, Format Version 12.00
# Visual Studio Version 17
VisualStudioVersion = 17.13.35825.156 d17.13
MinimumVisualStudioVersion = 10.0.40219.1
Project("{FAE04EC0-301F-11D3-BF4B-00C04F79EFBC}") = "ConsoleApp1", "ConsoleApp1\ConsoleApp1.csproj", "{3EB11103-A55E-4C49-8F87-489A854B44D9}"
EndProject
Project("{FAE04EC0-301F-11D3-BF4B-00C04F79EFBC}") = "ConsoleApp2", "ConsoleApp2\ConsoleApp2.csproj", "{5FC69703-F477-40FD-B6A9-5613822A3083}"
EndProject
Global
	GlobalSection(SolutionConfigurationPlatforms) = preSolution
		Debug|Any CPU = Debug|Any CPU
		Release|Any CPU = Release|Any CPU
	EndGlobalSection
	GlobalSection(ProjectConfigurationPlatforms) = postSolution
		{3EB11103-A55E-4C49-8F87-489A854B44D9}.Debug|Any CPU.ActiveCfg = Debug|Any CPU
		{3EB11103-A55E-4C49-8F87-489A854B44D9}.Debug|Any CPU.Build.0 = Debug|Any CPU
		{3EB11103-A55E-4C49-8F87-489A854B44D9}.Release|Any CPU.ActiveCfg = Release|Any CPU
		{3EB11103-A55E-4C49-8F87-489A854B44D9}.Release|Any CPU.Build.0 = Release|Any CPU
		{5FC69703-F477-40FD-B6A9-5613822A3083}.Debug|Any CPU.ActiveCfg = Debug|Any CPU
		{5FC69703-F477-40FD-B6A9-5613822A3083}.Debug|Any CPU.Build.0 = Debug|Any CPU
		{5FC69703-F477-40FD-B6A9-5613822A3083}.Release|Any CPU.ActiveCfg = Release|Any CPU
		{5FC69703-F477-40FD-B6A9-5613822A3083}.Release|Any CPU.Build.0 = Release|Any CPU
	EndGlobalSection
	GlobalSection(SolutionProperties) = preSolution
		HideSolutionNode = FALSE
	EndGlobalSection
	GlobalSection(ExtensibilityGlobals) = postSolution
		SolutionGuid = {39AB1316-0593-496C-AC1C-B1EA32B2998F}
	EndGlobalSection
EndGlobal
